
Microsoft Visual Studio Solution File, Format Version 12.00
# Visual Studio 15
VisualStudioVersion = 15.0.27428.2043
MinimumVisualStudioVersion = 10.0.40219.1
Project("{FAE04EC0-301F-11D3-BF4B-00C04F79EFBC}") = "SaturnTransmissionProtocol", "SaturnTransmissionProtocol\SaturnTransmissionProtocol.csproj", "{55966D27-4A76-4F43-83B0-C838C4D49210}"
EndProject
Project("{FAE04EC0-301F-11D3-BF4B-00C04F79EFBC}") = "SimpleTCP", "SimpleTCP\SimpleTCP.csproj", "{E4C1BF25-5871-485F-907A-416994A647B9}"
EndProject
Global
	GlobalSection(SolutionConfigurationPlatforms) = preSolution
		Debug|Any CPU = Debug|Any CPU
		Release|Any CPU = Release|Any CPU
	EndGlobalSection
	GlobalSection(ProjectConfigurationPlatforms) = postSolution
		{55966D27-4A76-4F43-83B0-C838C4D49210}.Debug|Any CPU.ActiveCfg = Debug|Any CPU
		{55966D27-4A76-4F43-83B0-C838C4D49210}.Debug|Any CPU.Build.0 = Debug|Any CPU
		{55966D27-4A76-4F43-83B0-C838C4D49210}.Release|Any CPU.ActiveCfg = Release|Any CPU
		{55966D27-4A76-4F43-83B0-C838C4D49210}.Release|Any CPU.Build.0 = Release|Any CPU
		{E4C1BF25-5871-485F-907A-416994A647B9}.Debug|Any CPU.ActiveCfg = Debug|Any CPU
		{E4C1BF25-5871-485F-907A-416994A647B9}.Debug|Any CPU.Build.0 = Debug|Any CPU
		{E4C1BF25-5871-485F-907A-416994A647B9}.Release|Any CPU.ActiveCfg = Release|Any CPU
		{E4C1BF25-5871-485F-907A-416994A647B9}.Release|Any CPU.Build.0 = Release|Any CPU
	EndGlobalSection
	GlobalSection(SolutionProperties) = preSolution
		HideSolutionNode = FALSE
	EndGlobalSection
	GlobalSection(ExtensibilityGlobals) = postSolution
		SolutionGuid = {7900841E-7C6E-4844-9200-7BFE6905656E}
	EndGlobalSection
EndGlobal
